
Microsoft Visual Studio Solution File, Format Version 12.00
# Visual Studio Version 16
VisualStudioVersion = 16.0.28803.202
MinimumVisualStudioVersion = 10.0.40219.1
Project("{FAE04EC0-301F-11D3-BF4B-00C04F79EFBC}") = "firstWinForms", "firstWinForms\firstWinForms.csproj", "{0394ED39-754D-425C-B666-0BF5A5CAFAC3}"
EndProject
Global
	GlobalSection(SolutionConfigurationPlatforms) = preSolution
		Debug|Any CPU = Debug|Any CPU
		Release|Any CPU = Release|Any CPU
	EndGlobalSection
	GlobalSection(ProjectConfigurationPlatforms) = postSolution
		{0394ED39-754D-425C-B666-0BF5A5CAFAC3}.Debug|Any CPU.ActiveCfg = Debug|Any CPU
		{0394ED39-754D-425C-B666-0BF5A5CAFAC3}.Debug|Any CPU.Build.0 = Debug|Any CPU
		{0394ED39-754D-425C-B666-0BF5A5CAFAC3}.Release|Any CPU.ActiveCfg = Release|Any CPU
		{0394ED39-754D-425C-B666-0BF5A5CAFAC3}.Release|Any CPU.Build.0 = Release|Any CPU
	EndGlobalSection
	GlobalSection(SolutionProperties) = preSolution
		HideSolutionNode = FALSE
	EndGlobalSection
	GlobalSection(ExtensibilityGlobals) = postSolution
		SolutionGuid = {0C69F6B8-C868-40FF-A630-640AD4AB4E29}
	EndGlobalSection
EndGlobal
